<?xml version="1.0" encoding="utf-8"?>
<Project ToolsVersion="4.0" xmlns="http://schemas.microsoft.com/developer/msbuild/2003">
  <ItemGroup>
    <Filter Include="External">
      <UniqueIdentifier>{67DA6AB6-F800-4c08-8B7A-83BB121AAD01}</UniqueIdentifier>
      <Extensions>rc;ico;cur;bmp;dlg;rc2;rct;bin;rgs;gif;jpg;jpeg;jpe;resx;tiff;tif;png;wav;mfcribbon-ms</Extensions>
    </Filter>
    <Filter Include="Source">
      <UniqueIdentifier>{4FC737F1-C7A5-4376-A066-2A32D752A2FF}</UniqueIdentifier>
      <Extensions>cpp;c;cc;cxx;def;odl;idl;hpj;bat;asm;asmx</Extensions>
    </Filter>
    <Filter Include="External\imgui-docking">
      <UniqueIdentifier>{c85446c9-90d2-4441-add5-5aac511d95ce}</UniqueIdentifier>
    </Filter>
    <Filter Include="Shader">
      <UniqueIdentifier>{9f64f4ff-d9e0-43d7-88e1-13e6d3656a89}</UniqueIdentifier>
      <Extensions>hlsl;hlsli</Extensions>
    </Filter>
    <Filter Include="Source\Chara">
      <UniqueIdentifier>{35bb6a95-bde1-4f8c-9f44-937175410a76}</UniqueIdentifier>
    </Filter>
    <Filter Include="Source\Camera">
      <UniqueIdentifier>{bed0971e-e736-4de0-8cfc-39449d6ea1ab}</UniqueIdentifier>
    </Filter>
    <Filter Include="Source\System">
      <UniqueIdentifier>{bdca9bd5-7c86-4bde-986d-9cf51f91eb5a}</UniqueIdentifier>
    </Filter>
    <Filter Include="Source\misc">
      <UniqueIdentifier>{a361ae74-18f8-4fd0-a513-af383e883585}</UniqueIdentifier>
    </Filter>
    <Filter Include="Source\Framework/Main">
      <UniqueIdentifier>{8023c35c-b923-436d-968b-17bf96488f35}</UniqueIdentifier>
    </Filter>
    <Filter Include="Source\Common">
      <UniqueIdentifier>{5ea94a7d-0819-4511-8d4f-ff0c4be99448}</UniqueIdentifier>
    </Filter>
    <Filter Include="Source\Scene">
      <UniqueIdentifier>{b46ee522-8e85-4633-9b8d-ba22aaa92e6d}</UniqueIdentifier>
    </Filter>
    <Filter Include="Source\Stages">
      <UniqueIdentifier>{ad541316-c403-40d5-88ec-ca372861e48f}</UniqueIdentifier>
    </Filter>
    <Filter Include="Source\Common\Effect">
      <UniqueIdentifier>{d5b64214-b650-4b9b-9eb3-de810c3e3176}</UniqueIdentifier>
    </Filter>
    <Filter Include="Source\Common\Collision">
      <UniqueIdentifier>{302d91ce-663e-4075-aa37-84678861bbdf}</UniqueIdentifier>
    </Filter>
    <Filter Include="Source\Common\Math">
      <UniqueIdentifier>{19177564-3fe0-49a2-bcdb-cfdca1eec8cb}</UniqueIdentifier>
    </Filter>
    <Filter Include="Source\Common\Ray">
      <UniqueIdentifier>{73391c88-5fd6-452f-acb2-ef080fcc41cb}</UniqueIdentifier>
    </Filter>
    <Filter Include="Source\Common\Cursol">
      <UniqueIdentifier>{b36fcf77-2932-4afd-a38f-688832464267}</UniqueIdentifier>
    </Filter>
    <Filter Include="Source\Common\Menu">
      <UniqueIdentifier>{38a3b42e-af9a-4431-826e-c0db21a3ce96}</UniqueIdentifier>
    </Filter>
    <Filter Include="Source\Common\Key">
      <UniqueIdentifier>{2064fc4d-17f4-42e3-aeee-f8ac20eec688}</UniqueIdentifier>
    </Filter>
    <Filter Include="Source\Common\Lerp">
      <UniqueIdentifier>{00d8abf1-c871-4ef1-909e-df1918c76caa}</UniqueIdentifier>
    </Filter>
    <Filter Include="Source\Common\P&amp;C">
      <UniqueIdentifier>{4d52ad01-0ae0-4e04-98a0-748f907186f0}</UniqueIdentifier>
    </Filter>
  </ItemGroup>
  <ItemGroup>
    <ClInclude Include="External\imgui-docking\imconfig.h">
      <Filter>External\imgui-docking</Filter>
    </ClInclude>
    <ClInclude Include="External\imgui-docking\imgui.h">
      <Filter>External\imgui-docking</Filter>
    </ClInclude>
    <ClInclude Include="External\imgui-docking\imgui_impl_dx11.h">
      <Filter>External\imgui-docking</Filter>
    </ClInclude>
    <ClInclude Include="External\imgui-docking\imgui_impl_win32.h">
      <Filter>External\imgui-docking</Filter>
    </ClInclude>
    <ClInclude Include="External\imgui-docking\imgui_internal.h">
      <Filter>External\imgui-docking</Filter>
    </ClInclude>
    <ClInclude Include="External\imgui-docking\imstb_rectpack.h">
      <Filter>External\imgui-docking</Filter>
    </ClInclude>
    <ClInclude Include="External\imgui-docking\imstb_textedit.h">
      <Filter>External\imgui-docking</Filter>
    </ClInclude>
    <ClInclude Include="External\imgui-docking\imstb_truetype.h">
      <Filter>External\imgui-docking</Filter>
    </ClInclude>
    <ClInclude Include="Source\System\Audio.h">
      <Filter>Source\System</Filter>
    </ClInclude>
    <ClInclude Include="Source\System\AudioResource.h">
      <Filter>Source\System</Filter>
    </ClInclude>
    <ClInclude Include="Source\System\AudioSource.h">
      <Filter>Source\System</Filter>
    </ClInclude>
    <ClInclude Include="Source\System\BasicShader.h">
      <Filter>Source\System</Filter>
    </ClInclude>
    <ClInclude Include="Source\System\GamePad.h">
      <Filter>Source\System</Filter>
    </ClInclude>
    <ClInclude Include="Source\System\GpuResourceUtils.h">
      <Filter>Source\System</Filter>
    </ClInclude>
    <ClInclude Include="Source\System\Graphics.h">
      <Filter>Source\System</Filter>
    </ClInclude>
    <ClInclude Include="Source\System\HighResolutionTimer.h">
      <Filter>Source\System</Filter>
    </ClInclude>
    <ClInclude Include="Source\System\ImGuiRenderer.h">
      <Filter>Source\System</Filter>
    </ClInclude>
    <ClInclude Include="Source\System\Input.h">
      <Filter>Source\System</Filter>
    </ClInclude>
    <ClInclude Include="Source\System\LambertShader.h">
      <Filter>Source\System</Filter>
    </ClInclude>
    <ClInclude Include="Source\System\Misc.h">
      <Filter>Source\System</Filter>
    </ClInclude>
    <ClInclude Include="Source\System\Model.h">
      <Filter>Source\System</Filter>
    </ClInclude>
    <ClInclude Include="Source\System\ModelRenderer.h">
      <Filter>Source\System</Filter>
    </ClInclude>
    <ClInclude Include="Source\System\ModelResource.h">
      <Filter>Source\System</Filter>
    </ClInclude>
    <ClInclude Include="Source\System\Mouse.h">
      <Filter>Source\System</Filter>
    </ClInclude>
    <ClInclude Include="Source\System\RenderContext.h">
      <Filter>Source\System</Filter>
    </ClInclude>
    <ClInclude Include="Source\System\RenderState.h">
      <Filter>Source\System</Filter>
    </ClInclude>
    <ClInclude Include="Source\System\Shader.h">
      <Filter>Source\System</Filter>
    </ClInclude>
    <ClInclude Include="Source\System\ShapeRenderer.h">
      <Filter>Source\System</Filter>
    </ClInclude>
    <ClInclude Include="Source\System\Sprite.h">
      <Filter>Source\System</Filter>
    </ClInclude>
    <ClInclude Include="Source\EnemySlime.h">
      <Filter>Source\Chara</Filter>
    </ClInclude>
    <ClInclude Include="Source\Enemy.h">
      <Filter>Source\Chara</Filter>
    </ClInclude>
    <ClInclude Include="Source\EnemyManager.h">
      <Filter>Source\Chara</Filter>
    </ClInclude>
    <ClInclude Include="Source\Camera.h">
      <Filter>Source\Camera</Filter>
    </ClInclude>
    <ClInclude Include="Source\CameraController.h">
      <Filter>Source\Camera</Filter>
    </ClInclude>
    <ClInclude Include="Source\Character.h">
      <Filter>Source\Chara</Filter>
    </ClInclude>
    <ClInclude Include="Source\Projectile.h">
      <Filter>Source\misc</Filter>
    </ClInclude>
    <ClInclude Include="Source\ProjectileHoming.h">
      <Filter>Source\misc</Filter>
    </ClInclude>
    <ClInclude Include="Source\ProjectileManager.h">
      <Filter>Source\misc</Filter>
    </ClInclude>
    <ClInclude Include="Source\ProjectileStraight.h">
      <Filter>Source\misc</Filter>
    </ClInclude>
    <ClInclude Include="Source\Framework.h">
      <Filter>Source\Framework/Main</Filter>
    </ClInclude>
    <ClInclude Include="Source\Scene.h">
      <Filter>Source\Scene</Filter>
    </ClInclude>
    <ClInclude Include="Source\SceneGame.h">
      <Filter>Source\Scene</Filter>
    </ClInclude>
    <ClInclude Include="Source\SceneLoading.h">
      <Filter>Source\Scene</Filter>
    </ClInclude>
    <ClInclude Include="Source\SceneManager.h">
      <Filter>Source\Scene</Filter>
    </ClInclude>
    <ClInclude Include="Source\SceneTitle.h">
      <Filter>Source\Scene</Filter>
    </ClInclude>
    <ClInclude Include="Source\Stage.h">
      <Filter>Source\Stages</Filter>
    </ClInclude>
    <ClInclude Include="Source\Effect.h">
      <Filter>Source\Common\Effect</Filter>
    </ClInclude>
    <ClInclude Include="Source\EffectManager.h">
      <Filter>Source\Common\Effect</Filter>
    </ClInclude>
    <ClInclude Include="Source\Collision.h">
      <Filter>Source\Common\Collision</Filter>
    </ClInclude>
    <ClInclude Include="Source\MathUtils.h">
      <Filter>Source\Common\Math</Filter>
    </ClInclude>
    <ClInclude Include="..\team02_1\Source\DirectXCommon.h">
      <Filter>Source\Common\Math</Filter>
    </ClInclude>
    <ClInclude Include="..\team02_1\Source\KeyInput.h">
      <Filter>Source\Common\Key</Filter>
    </ClInclude>
    <ClInclude Include="..\team02_1\Source\Lerp.h">
      <Filter>Source\Common\Lerp</Filter>
    </ClInclude>
    <ClInclude Include="..\team02_1\Source\NumberRender.h">
      <Filter>Source\misc</Filter>
    </ClInclude>
    <ClInclude Include="Source\CursorManager.h">
      <Filter>Source\Common\Cursol</Filter>
    </ClInclude>
    <ClInclude Include="Source\RayCast.h">
      <Filter>Source\Common\Ray</Filter>
    </ClInclude>
    <ClInclude Include="Source\ParentChild.h">
      <Filter>Source\Common\P&amp;C</Filter>
    </ClInclude>
    <ClInclude Include="Source\ButtonManager.h">
      <Filter>Source\Common\Menu</Filter>
    </ClInclude>
    <ClInclude Include="Source\Button.h">
      <Filter>Source\Common\Menu</Filter>
    </ClInclude>
    <ClInclude Include="Source\Menu.h">
      <Filter>Source\Common\Menu</Filter>
    </ClInclude>
    <ClInclude Include="Source\common.h">
      <Filter>Source\Common\Menu</Filter>
    </ClInclude>
    <ClInclude Include="Source\Screen.h">
      <Filter>Source\misc</Filter>
    </ClInclude>
    <ClInclude Include="Source\OncollisionWepon.h">
      <Filter>Source\Chara</Filter>
    </ClInclude>
    <ClInclude Include="Source\Player.h">
      <Filter>Source\Chara</Filter>
    </ClInclude>
  </ItemGroup>
  <ItemGroup>
    <ClCompile Include="External\imgui-docking\imgui.cpp">
      <Filter>External\imgui-docking</Filter>
    </ClCompile>
    <ClCompile Include="External\imgui-docking\imgui_demo.cpp">
      <Filter>External\imgui-docking</Filter>
    </ClCompile>
    <ClCompile Include="External\imgui-docking\imgui_draw.cpp">
      <Filter>External\imgui-docking</Filter>
    </ClCompile>
    <ClCompile Include="External\imgui-docking\imgui_impl_dx11.cpp">
      <Filter>External\imgui-docking</Filter>
    </ClCompile>
    <ClCompile Include="External\imgui-docking\imgui_impl_win32.cpp">
      <Filter>External\imgui-docking</Filter>
    </ClCompile>
    <ClCompile Include="External\imgui-docking\imgui_widgets.cpp">
      <Filter>External\imgui-docking</Filter>
    </ClCompile>
    <ClCompile Include="Source\System\Audio.cpp">
      <Filter>Source\System</Filter>
    </ClCompile>
    <ClCompile Include="Source\System\AudioResource.cpp">
      <Filter>Source\System</Filter>
    </ClCompile>
    <ClCompile Include="Source\System\AudioSource.cpp">
      <Filter>Source\System</Filter>
    </ClCompile>
    <ClCompile Include="Source\System\BasicShader.cpp">
      <Filter>Source\System</Filter>
    </ClCompile>
    <ClCompile Include="Source\System\GamePad.cpp">
      <Filter>Source\System</Filter>
    </ClCompile>
    <ClCompile Include="Source\System\GpuResourceUtils.cpp">
      <Filter>Source\System</Filter>
    </ClCompile>
    <ClCompile Include="Source\System\Graphics.cpp">
      <Filter>Source\System</Filter>
    </ClCompile>
    <ClCompile Include="Source\System\ImGuiRenderer.cpp">
      <Filter>Source\System</Filter>
    </ClCompile>
    <ClCompile Include="Source\System\Input.cpp">
      <Filter>Source\System</Filter>
    </ClCompile>
    <ClCompile Include="Source\System\LambertShader.cpp">
      <Filter>Source\System</Filter>
    </ClCompile>
    <ClCompile Include="Source\System\Model.cpp">
      <Filter>Source\System</Filter>
    </ClCompile>
    <ClCompile Include="Source\System\ModelRenderer.cpp">
      <Filter>Source\System</Filter>
    </ClCompile>
    <ClCompile Include="Source\System\ModelResource.cpp">
      <Filter>Source\System</Filter>
    </ClCompile>
    <ClCompile Include="Source\System\Mouse.cpp">
      <Filter>Source\System</Filter>
    </ClCompile>
    <ClCompile Include="Source\System\RenderState.cpp">
      <Filter>Source\System</Filter>
    </ClCompile>
    <ClCompile Include="Source\System\ShapeRenderer.cpp">
      <Filter>Source\System</Filter>
    </ClCompile>
    <ClCompile Include="Source\System\Sprite.cpp">
      <Filter>Source\System</Filter>
    </ClCompile>
    <ClCompile Include="Source\Enemy.cpp">
      <Filter>Source\Chara</Filter>
    </ClCompile>
    <ClCompile Include="Source\EnemyManager.cpp">
      <Filter>Source\Chara</Filter>
    </ClCompile>
    <ClCompile Include="Source\EnemySlime.cpp">
      <Filter>Source\Chara</Filter>
    </ClCompile>
    <ClCompile Include="Source\Player.cpp">
      <Filter>Source\Chara</Filter>
    </ClCompile>
    <ClCompile Include="Source\Camera.cpp">
      <Filter>Source\Camera</Filter>
    </ClCompile>
    <ClCompile Include="Source\CameraController.cpp">
      <Filter>Source\Camera</Filter>
    </ClCompile>
    <ClCompile Include="Source\Character.cpp">
      <Filter>Source\Chara</Filter>
    </ClCompile>
    <ClCompile Include="Source\Projectile.cpp">
      <Filter>Source\misc</Filter>
    </ClCompile>
    <ClCompile Include="Source\ProjectileHoming.cpp">
      <Filter>Source\misc</Filter>
    </ClCompile>
    <ClCompile Include="Source\ProjectileManager.cpp">
      <Filter>Source\misc</Filter>
    </ClCompile>
    <ClCompile Include="Source\ProjectileStraight.cpp">
      <Filter>Source\misc</Filter>
    </ClCompile>
    <ClCompile Include="Source\Framework.cpp">
      <Filter>Source\Framework/Main</Filter>
    </ClCompile>
    <ClCompile Include="Source\Main.cpp">
      <Filter>Source\Framework/Main</Filter>
    </ClCompile>
    <ClCompile Include="Source\SceneGame.cpp">
      <Filter>Source\Scene</Filter>
    </ClCompile>
    <ClCompile Include="Source\SceneLoading.cpp">
      <Filter>Source\Scene</Filter>
    </ClCompile>
    <ClCompile Include="Source\SceneManager.cpp">
      <Filter>Source\Scene</Filter>
    </ClCompile>
    <ClCompile Include="Source\SceneTitle.cpp">
      <Filter>Source\Scene</Filter>
    </ClCompile>
    <ClCompile Include="Source\Stage.cpp">
      <Filter>Source\Stages</Filter>
    </ClCompile>
    <ClCompile Include="Source\Effect.cpp">
      <Filter>Source\Common\Effect</Filter>
    </ClCompile>
    <ClCompile Include="Source\EffectManager.cpp">
      <Filter>Source\Common\Effect</Filter>
    </ClCompile>
    <ClCompile Include="Source\Collision.cpp">
      <Filter>Source\Common\Collision</Filter>
    </ClCompile>
    <ClCompile Include="Source\MathUtils.cpp">
      <Filter>Source\Common\Math</Filter>
    </ClCompile>
    <ClCompile Include="Source\RayCast.cpp">
      <Filter>Source\Common\Ray</Filter>
    </ClCompile>
    <ClCompile Include="Source\ParentChild.cpp">
      <Filter>Source\Common\P&amp;C</Filter>
    </ClCompile>
    <ClCompile Include="Source\ButtonManager.cpp">
      <Filter>Source\Common\Menu</Filter>
    </ClCompile>
    <ClCompile Include="Source\Button.cpp">
      <Filter>Source\Common\Menu</Filter>
    </ClCompile>
    <ClCompile Include="Source\Menu.cpp">
      <Filter>Source\Common\Menu</Filter>
    </ClCompile>
    <ClCompile Include="Source\OncollisionWepon.cpp">
      <Filter>Source\Chara</Filter>
    </ClCompile>
  </ItemGroup>
  <ItemGroup>
    <None Include="Shader\Sprite.hlsli">
      <Filter>Shader</Filter>
    </None>
    <None Include="Shader\ShapeRenderer.hlsli">
      <Filter>Shader</Filter>
    </None>
    <None Include="Shader\Skinning.hlsli">
      <Filter>Shader</Filter>
    </None>
    <None Include="Shader\PrimitiveRenderer.hlsli">
      <Filter>Shader</Filter>
    </None>
    <None Include="Shader\Basic.hlsli">
      <Filter>Shader</Filter>
    </None>
    <None Include="Shader\Lambert.hlsli">
      <Filter>Shader</Filter>
    </None>
    <None Include="Shader\Scene.hlsli">
      <Filter>Shader</Filter>
    </None>
  </ItemGroup>
  <ItemGroup>
    <FxCompile Include="Shader\SpriteVS.hlsl">
      <Filter>Shader</Filter>
    </FxCompile>
    <FxCompile Include="Shader\SpritePS.hlsl">
      <Filter>Shader</Filter>
    </FxCompile>
    <FxCompile Include="Shader\ShapeRendererVS.hlsl">
      <Filter>Shader</Filter>
    </FxCompile>
    <FxCompile Include="Shader\ShapeRendererPS.hlsl">
      <Filter>Shader</Filter>
    </FxCompile>
    <FxCompile Include="Shader\PrimitiveRendererVS.hlsl">
      <Filter>Shader</Filter>
    </FxCompile>
    <FxCompile Include="Shader\PrimitiveRendererPS.hlsl">
      <Filter>Shader</Filter>
    </FxCompile>
    <FxCompile Include="Shader\BasicPS.hlsl">
      <Filter>Shader</Filter>
    </FxCompile>
    <FxCompile Include="Shader\BasicVS.hlsl">
      <Filter>Shader</Filter>
    </FxCompile>
    <FxCompile Include="Shader\LambertPS.hlsl">
      <Filter>Shader</Filter>
    </FxCompile>
    <FxCompile Include="Shader\LambertVS.hlsl">
      <Filter>Shader</Filter>
    </FxCompile>
  </ItemGroup>
</Project>